
Microsoft Visual Studio Solution File, Format Version 12.00
# Visual Studio Version 16
VisualStudioVersion = 16.0.30611.23
MinimumVisualStudioVersion = 10.0.40219.1
Project("{9A19103F-16F7-4668-BE54-9A1E7A4F7556}") = "CSharpStart", "CSharpStart\CSharpStart.csproj", "{8154AFBE-AADB-4A3F-964E-30AAE1446019}"
EndProject
Project("{2150E333-8FDC-42A3-9474-1A3956D46DE8}") = "00-Multithreading", "00-Multithreading", "{DDC1A62B-1D2A-44D0-86C9-4072297F340B}"
EndProject
Project("{9A19103F-16F7-4668-BE54-9A1E7A4F7556}") = "async-await-keyword", "00-Multithreading\async-await-keyword\async-await-keyword.csproj", "{3F43B8A4-760C-43B3-9582-665D1F89D65B}"
EndProject
Project("{9A19103F-16F7-4668-BE54-9A1E7A4F7556}") = "CancelingTasks", "00-Multithreading\CancelingTasks\CancelingTasks.csproj", "{50ED23F8-6A87-4F82-AE88-CFE05CB4C73C}"
EndProject
Project("{9A19103F-16F7-4668-BE54-9A1E7A4F7556}") = "DifferentWaysToStartATask", "00-Multithreading\DifferentWaysToStartATask\DifferentWaysToStartATask.csproj", "{A536208D-BECF-4566-A098-1442F3B07D94}"
EndProject
Project("{9A19103F-16F7-4668-BE54-9A1E7A4F7556}") = "RetrunAValueFromTask", "00-Multithreading\RetrunAValueFromTask\RetrunAValueFromTask.csproj", "{54134ABA-B2C0-4F79-BC5F-1E7FDF2A972F}"
EndProject
Project("{9A19103F-16F7-4668-BE54-9A1E7A4F7556}") = "Tasks", "00-Multithreading\Tasks\Tasks.csproj", "{DC545019-1451-468E-95B7-04E64C79F0FD}"
EndProject
Project("{2150E333-8FDC-42A3-9474-1A3956D46DE8}") = "01-Delegates", "01-Delegates", "{EC9384CB-BE2F-4707-9353-C339158DECB7}"
EndProject
Project("{9A19103F-16F7-4668-BE54-9A1E7A4F7556}") = "01-Func", "01-Delegates\Func\01-Func.csproj", "{6DDED602-FE27-4F90-8077-3B9AA851E981}"
EndProject
Project("{9A19103F-16F7-4668-BE54-9A1E7A4F7556}") = "02-Action", "01-Delegates\02-Action\02-Action.csproj", "{ACB9CEB6-6749-4461-BA90-0540D537647C}"
EndProject
Project("{9A19103F-16F7-4668-BE54-9A1E7A4F7556}") = "03-Predicate", "01-Delegates\03-Predicate\03-Predicate.csproj", "{92ABD269-3936-4975-A5D1-D90C3E06D7B2}"
EndProject
Project("{2150E333-8FDC-42A3-9474-1A3956D46DE8}") = "02-mono", "02-mono", "{FFD72DE0-E881-42FB-8B65-4ADB740BE0D7}"
EndProject
Project("{FAE04EC0-301F-11D3-BF4B-00C04F79EFBC}") = "ConsoleApp1", "02-mono\ConsoleApp1\ConsoleApp1.csproj", "{2E0F9271-2E20-46C6-BC08-78B8979BCCBA}"
EndProject
Global
	GlobalSection(SolutionConfigurationPlatforms) = preSolution
		Debug|Any CPU = Debug|Any CPU
		Release|Any CPU = Release|Any CPU
	EndGlobalSection
	GlobalSection(ProjectConfigurationPlatforms) = postSolution
		{8154AFBE-AADB-4A3F-964E-30AAE1446019}.Debug|Any CPU.ActiveCfg = Debug|Any CPU
		{8154AFBE-AADB-4A3F-964E-30AAE1446019}.Debug|Any CPU.Build.0 = Debug|Any CPU
		{8154AFBE-AADB-4A3F-964E-30AAE1446019}.Release|Any CPU.ActiveCfg = Release|Any CPU
		{8154AFBE-AADB-4A3F-964E-30AAE1446019}.Release|Any CPU.Build.0 = Release|Any CPU
		{3F43B8A4-760C-43B3-9582-665D1F89D65B}.Debug|Any CPU.ActiveCfg = Debug|Any CPU
		{3F43B8A4-760C-43B3-9582-665D1F89D65B}.Debug|Any CPU.Build.0 = Debug|Any CPU
		{3F43B8A4-760C-43B3-9582-665D1F89D65B}.Release|Any CPU.ActiveCfg = Release|Any CPU
		{3F43B8A4-760C-43B3-9582-665D1F89D65B}.Release|Any CPU.Build.0 = Release|Any CPU
		{50ED23F8-6A87-4F82-AE88-CFE05CB4C73C}.Debug|Any CPU.ActiveCfg = Debug|Any CPU
		{50ED23F8-6A87-4F82-AE88-CFE05CB4C73C}.Debug|Any CPU.Build.0 = Debug|Any CPU
		{50ED23F8-6A87-4F82-AE88-CFE05CB4C73C}.Release|Any CPU.ActiveCfg = Release|Any CPU
		{50ED23F8-6A87-4F82-AE88-CFE05CB4C73C}.Release|Any CPU.Build.0 = Release|Any CPU
		{A536208D-BECF-4566-A098-1442F3B07D94}.Debug|Any CPU.ActiveCfg = Debug|Any CPU
		{A536208D-BECF-4566-A098-1442F3B07D94}.Debug|Any CPU.Build.0 = Debug|Any CPU
		{A536208D-BECF-4566-A098-1442F3B07D94}.Release|Any CPU.ActiveCfg = Release|Any CPU
		{A536208D-BECF-4566-A098-1442F3B07D94}.Release|Any CPU.Build.0 = Release|Any CPU
		{54134ABA-B2C0-4F79-BC5F-1E7FDF2A972F}.Debug|Any CPU.ActiveCfg = Debug|Any CPU
		{54134ABA-B2C0-4F79-BC5F-1E7FDF2A972F}.Debug|Any CPU.Build.0 = Debug|Any CPU
		{54134ABA-B2C0-4F79-BC5F-1E7FDF2A972F}.Release|Any CPU.ActiveCfg = Release|Any CPU
		{54134ABA-B2C0-4F79-BC5F-1E7FDF2A972F}.Release|Any CPU.Build.0 = Release|Any CPU
		{DC545019-1451-468E-95B7-04E64C79F0FD}.Debug|Any CPU.ActiveCfg = Debug|Any CPU
		{DC545019-1451-468E-95B7-04E64C79F0FD}.Debug|Any CPU.Build.0 = Debug|Any CPU
		{DC545019-1451-468E-95B7-04E64C79F0FD}.Release|Any CPU.ActiveCfg = Release|Any CPU
		{DC545019-1451-468E-95B7-04E64C79F0FD}.Release|Any CPU.Build.0 = Release|Any CPU
		{6DDED602-FE27-4F90-8077-3B9AA851E981}.Debug|Any CPU.ActiveCfg = Debug|Any CPU
		{6DDED602-FE27-4F90-8077-3B9AA851E981}.Debug|Any CPU.Build.0 = Debug|Any CPU
		{6DDED602-FE27-4F90-8077-3B9AA851E981}.Release|Any CPU.ActiveCfg = Release|Any CPU
		{6DDED602-FE27-4F90-8077-3B9AA851E981}.Release|Any CPU.Build.0 = Release|Any CPU
		{ACB9CEB6-6749-4461-BA90-0540D537647C}.Debug|Any CPU.ActiveCfg = Debug|Any CPU
		{ACB9CEB6-6749-4461-BA90-0540D537647C}.Debug|Any CPU.Build.0 = Debug|Any CPU
		{ACB9CEB6-6749-4461-BA90-0540D537647C}.Release|Any CPU.ActiveCfg = Release|Any CPU
		{ACB9CEB6-6749-4461-BA90-0540D537647C}.Release|Any CPU.Build.0 = Release|Any CPU
		{92ABD269-3936-4975-A5D1-D90C3E06D7B2}.Debug|Any CPU.ActiveCfg = Debug|Any CPU
		{92ABD269-3936-4975-A5D1-D90C3E06D7B2}.Debug|Any CPU.Build.0 = Debug|Any CPU
		{92ABD269-3936-4975-A5D1-D90C3E06D7B2}.Release|Any CPU.ActiveCfg = Release|Any CPU
		{92ABD269-3936-4975-A5D1-D90C3E06D7B2}.Release|Any CPU.Build.0 = Release|Any CPU
		{2E0F9271-2E20-46C6-BC08-78B8979BCCBA}.Debug|Any CPU.ActiveCfg = Debug|Any CPU
		{2E0F9271-2E20-46C6-BC08-78B8979BCCBA}.Debug|Any CPU.Build.0 = Debug|Any CPU
		{2E0F9271-2E20-46C6-BC08-78B8979BCCBA}.Release|Any CPU.ActiveCfg = Release|Any CPU
		{2E0F9271-2E20-46C6-BC08-78B8979BCCBA}.Release|Any CPU.Build.0 = Release|Any CPU
	EndGlobalSection
	GlobalSection(SolutionProperties) = preSolution
		HideSolutionNode = FALSE
	EndGlobalSection
	GlobalSection(NestedProjects) = preSolution
		{3F43B8A4-760C-43B3-9582-665D1F89D65B} = {DDC1A62B-1D2A-44D0-86C9-4072297F340B}
		{50ED23F8-6A87-4F82-AE88-CFE05CB4C73C} = {DDC1A62B-1D2A-44D0-86C9-4072297F340B}
		{A536208D-BECF-4566-A098-1442F3B07D94} = {DDC1A62B-1D2A-44D0-86C9-4072297F340B}
		{54134ABA-B2C0-4F79-BC5F-1E7FDF2A972F} = {DDC1A62B-1D2A-44D0-86C9-4072297F340B}
		{DC545019-1451-468E-95B7-04E64C79F0FD} = {DDC1A62B-1D2A-44D0-86C9-4072297F340B}
		{6DDED602-FE27-4F90-8077-3B9AA851E981} = {EC9384CB-BE2F-4707-9353-C339158DECB7}
		{ACB9CEB6-6749-4461-BA90-0540D537647C} = {EC9384CB-BE2F-4707-9353-C339158DECB7}
		{92ABD269-3936-4975-A5D1-D90C3E06D7B2} = {EC9384CB-BE2F-4707-9353-C339158DECB7}
		{2E0F9271-2E20-46C6-BC08-78B8979BCCBA} = {FFD72DE0-E881-42FB-8B65-4ADB740BE0D7}
	EndGlobalSection
	GlobalSection(ExtensibilityGlobals) = postSolution
		SolutionGuid = {EC13C6F1-4D22-4252-B669-DE91C94252D5}
	EndGlobalSection
EndGlobal
