
Microsoft Visual Studio Solution File, Format Version 12.00
# Visual Studio Version 16
VisualStudioVersion = 16.0.30611.23
MinimumVisualStudioVersion = 10.0.40219.1
Project("{9A19103F-16F7-4668-BE54-9A1E7A4F7556}") = "CSharpStart", "CSharpStart\CSharpStart.csproj", "{8154AFBE-AADB-4A3F-964E-30AAE1446019}"
EndProject
Project("{2150E333-8FDC-42A3-9474-1A3956D46DE8}") = "00-Multithreading", "00-Multithreading", "{DDC1A62B-1D2A-44D0-86C9-4072297F340B}"
EndProject
Project("{9A19103F-16F7-4668-BE54-9A1E7A4F7556}") = "async-await-keyword", "00-Multithreading\async-await-keyword\async-await-keyword.csproj", "{3F43B8A4-760C-43B3-9582-665D1F89D65B}"
EndProject
Project("{9A19103F-16F7-4668-BE54-9A1E7A4F7556}") = "CancelingTasks", "00-Multithreading\CancelingTasks\CancelingTasks.csproj", "{50ED23F8-6A87-4F82-AE88-CFE05CB4C73C}"
EndProject
Project("{9A19103F-16F7-4668-BE54-9A1E7A4F7556}") = "DifferentWaysToStartATask", "00-Multithreading\DifferentWaysToStartATask\DifferentWaysToStartATask.csproj", "{A536208D-BECF-4566-A098-1442F3B07D94}"
EndProject
Project("{9A19103F-16F7-4668-BE54-9A1E7A4F7556}") = "RetrunAValueFromTask", "00-Multithreading\RetrunAValueFromTask\RetrunAValueFromTask.csproj", "{54134ABA-B2C0-4F79-BC5F-1E7FDF2A972F}"
EndProject
Project("{9A19103F-16F7-4668-BE54-9A1E7A4F7556}") = "Tasks", "00-Multithreading\Tasks\Tasks.csproj", "{DC545019-1451-468E-95B7-04E64C79F0FD}"
EndProject
Project("{2150E333-8FDC-42A3-9474-1A3956D46DE8}") = "01-Delegates", "01-Delegates", "{EC9384CB-BE2F-4707-9353-C339158DECB7}"
EndProject
Project("{9A19103F-16F7-4668-BE54-9A1E7A4F7556}") = "01-Func", "01-Delegates\Func\01-Func.csproj", "{6DDED602-FE27-4F90-8077-3B9AA851E981}"
EndProject
Project("{9A19103F-16F7-4668-BE54-9A1E7A4F7556}") = "02-Action", "01-Delegates\02-Action\02-Action.csproj", "{ACB9CEB6-6749-4461-BA90-0540D537647C}"
EndProject
Project("{9A19103F-16F7-4668-BE54-9A1E7A4F7556}") = "03-Predicate", "01-Delegates\03-Predicate\03-Predicate.csproj", "{92ABD269-3936-4975-A5D1-D90C3E06D7B2}"
EndProject
Project("{2150E333-8FDC-42A3-9474-1A3956D46DE8}") = "02-mono", "02-mono", "{FFD72DE0-E881-42FB-8B65-4ADB740BE0D7}"
EndProject
Project("{FAE04EC0-301F-11D3-BF4B-00C04F79EFBC}") = "ConsoleApp1", "02-mono\ConsoleApp1\ConsoleApp1.csproj", "{2E0F9271-2E20-46C6-BC08-78B8979BCCBA}"
EndProject
Project("{2150E333-8FDC-42A3-9474-1A3956D46DE8}") = "03-Docker", "03-Docker", "{444B599A-2ED0-4039-BAA0-97E7DACA4164}"
EndProject
Project("{9A19103F-16F7-4668-BE54-9A1E7A4F7556}") = "ConsoleApp2", "03-Docker\ConsoleApp2\ConsoleApp2.csproj", "{DAF9CDF8-7A2A-45F1-A765-2119D94787B7}"
EndProject
Project("{2150E333-8FDC-42A3-9474-1A3956D46DE8}") = "04-AutoMaper", "04-AutoMaper", "{584EA619-F4A3-4C35-A880-300A8B728ABC}"
EndProject
Project("{9A19103F-16F7-4668-BE54-9A1E7A4F7556}") = "AutoMapperDemo1", "04-AutoMapper\AutoMapperDemo1\AutoMapperDemo1.csproj", "{6575DE23-B5F3-47EC-8F83-121E4390242F}"
EndProject
Project("{9A19103F-16F7-4668-BE54-9A1E7A4F7556}") = "NamingConvention", "04-AutoMapper\NamingConvention\NamingConvention.csproj", "{DC97474F-312B-4E85-A46B-4DE4EEE70F0D}"
EndProject
Project("{9A19103F-16F7-4668-BE54-9A1E7A4F7556}") = "ArrayListMapper", "04-AutoMapper\ArrayListMapper\ArrayListMapper.csproj", "{A59B7BC4-DDAB-4446-A218-3F0B89EFA626}"
EndProject
Project("{9A19103F-16F7-4668-BE54-9A1E7A4F7556}") = "PolymMapper", "04-AutoMapper\PolymMapper\PolymMapper.csproj", "{FD19D95E-B028-4CD5-BF10-CE25A3D7675A}"
EndProject
Project("{2150E333-8FDC-42A3-9474-1A3956D46DE8}") = "05-Json.NET", "05-Json.NET", "{301E5A91-6D47-4DED-9B49-2EA91DD5736F}"
EndProject
Project("{9A19103F-16F7-4668-BE54-9A1E7A4F7556}") = "07-CustomMapper", "04-AutoMapper\07-CustomMapper\07-CustomMapper.csproj", "{66CF10C1-D92B-405B-9D86-7CA6DD37F704}"
EndProject
Project("{9A19103F-16F7-4668-BE54-9A1E7A4F7556}") = "08-1-FlatMapper", "04-AutoMapper\08-1-FlatMapper\08-1-FlatMapper.csproj", "{1D0336E0-F9B3-43D1-85BD-5C6077065846}"
EndProject
Project("{9A19103F-16F7-4668-BE54-9A1E7A4F7556}") = "FlatMapper", "04-AutoMapper\FlatMapper\FlatMapper.csproj", "{8F7FA208-9528-4A2C-8617-3420E2A4950A}"
EndProject
Project("{9A19103F-16F7-4668-BE54-9A1E7A4F7556}") = "EmbeMapper", "04-AutoMapper\EmbeMapper\EmbeMapper.csproj", "{5DDC7683-BA63-4274-87A0-017F1ED67038}"
EndProject
Project("{2150E333-8FDC-42A3-9474-1A3956D46DE8}") = "06-MQ", "06-MQ", "{83438EB4-3F56-43C9-9A84-0993541FD169}"
EndProject
Project("{9A19103F-16F7-4668-BE54-9A1E7A4F7556}") = "ZeroMQDemo3Push", "06-MQ\ZeroMQDemo3Push\ZeroMQDemo3Push.csproj", "{B40A7491-2EB3-41B3-A8D8-68EE32469A89}"
EndProject
Project("{9A19103F-16F7-4668-BE54-9A1E7A4F7556}") = "ZeroMQDemo4Pull", "06-MQ\ZeroMQDemo4Pull\ZeroMQDemo4Pull.csproj", "{4FCA18DF-1CC2-4D6C-BD5D-336C6E4D8411}"
EndProject
Project("{9A19103F-16F7-4668-BE54-9A1E7A4F7556}") = "ZeroMQHelloWorld", "06-MQ\ZeroMQHelloWorld\ZeroMQHelloWorld.csproj", "{73277835-73AF-4F88-9F02-89F3C9F81EF3}"
EndProject
Project("{9A19103F-16F7-4668-BE54-9A1E7A4F7556}") = "ZeroMQPublisher", "06-MQ\ZeroMQPublisher\ZeroMQPublisher.csproj", "{6EE67240-6C30-4180-B27B-9A402ECE94C7}"
EndProject
Project("{9A19103F-16F7-4668-BE54-9A1E7A4F7556}") = "ZeroMQSubscriber", "06-MQ\ZeroMQSubscriber\ZeroMQSubscriber.csproj", "{93E4F07B-6FBA-4476-A052-4F892F2A34CA}"
EndProject
Global
	GlobalSection(SolutionConfigurationPlatforms) = preSolution
		Debug|Any CPU = Debug|Any CPU
		Release|Any CPU = Release|Any CPU
	EndGlobalSection
	GlobalSection(ProjectConfigurationPlatforms) = postSolution
		{8154AFBE-AADB-4A3F-964E-30AAE1446019}.Debug|Any CPU.ActiveCfg = Debug|Any CPU
		{8154AFBE-AADB-4A3F-964E-30AAE1446019}.Debug|Any CPU.Build.0 = Debug|Any CPU
		{8154AFBE-AADB-4A3F-964E-30AAE1446019}.Release|Any CPU.ActiveCfg = Release|Any CPU
		{8154AFBE-AADB-4A3F-964E-30AAE1446019}.Release|Any CPU.Build.0 = Release|Any CPU
		{3F43B8A4-760C-43B3-9582-665D1F89D65B}.Debug|Any CPU.ActiveCfg = Debug|Any CPU
		{3F43B8A4-760C-43B3-9582-665D1F89D65B}.Debug|Any CPU.Build.0 = Debug|Any CPU
		{3F43B8A4-760C-43B3-9582-665D1F89D65B}.Release|Any CPU.ActiveCfg = Release|Any CPU
		{3F43B8A4-760C-43B3-9582-665D1F89D65B}.Release|Any CPU.Build.0 = Release|Any CPU
		{50ED23F8-6A87-4F82-AE88-CFE05CB4C73C}.Debug|Any CPU.ActiveCfg = Debug|Any CPU
		{50ED23F8-6A87-4F82-AE88-CFE05CB4C73C}.Debug|Any CPU.Build.0 = Debug|Any CPU
		{50ED23F8-6A87-4F82-AE88-CFE05CB4C73C}.Release|Any CPU.ActiveCfg = Release|Any CPU
		{50ED23F8-6A87-4F82-AE88-CFE05CB4C73C}.Release|Any CPU.Build.0 = Release|Any CPU
		{A536208D-BECF-4566-A098-1442F3B07D94}.Debug|Any CPU.ActiveCfg = Debug|Any CPU
		{A536208D-BECF-4566-A098-1442F3B07D94}.Debug|Any CPU.Build.0 = Debug|Any CPU
		{A536208D-BECF-4566-A098-1442F3B07D94}.Release|Any CPU.ActiveCfg = Release|Any CPU
		{A536208D-BECF-4566-A098-1442F3B07D94}.Release|Any CPU.Build.0 = Release|Any CPU
		{54134ABA-B2C0-4F79-BC5F-1E7FDF2A972F}.Debug|Any CPU.ActiveCfg = Debug|Any CPU
		{54134ABA-B2C0-4F79-BC5F-1E7FDF2A972F}.Debug|Any CPU.Build.0 = Debug|Any CPU
		{54134ABA-B2C0-4F79-BC5F-1E7FDF2A972F}.Release|Any CPU.ActiveCfg = Release|Any CPU
		{54134ABA-B2C0-4F79-BC5F-1E7FDF2A972F}.Release|Any CPU.Build.0 = Release|Any CPU
		{DC545019-1451-468E-95B7-04E64C79F0FD}.Debug|Any CPU.ActiveCfg = Debug|Any CPU
		{DC545019-1451-468E-95B7-04E64C79F0FD}.Debug|Any CPU.Build.0 = Debug|Any CPU
		{DC545019-1451-468E-95B7-04E64C79F0FD}.Release|Any CPU.ActiveCfg = Release|Any CPU
		{DC545019-1451-468E-95B7-04E64C79F0FD}.Release|Any CPU.Build.0 = Release|Any CPU
		{6DDED602-FE27-4F90-8077-3B9AA851E981}.Debug|Any CPU.ActiveCfg = Debug|Any CPU
		{6DDED602-FE27-4F90-8077-3B9AA851E981}.Debug|Any CPU.Build.0 = Debug|Any CPU
		{6DDED602-FE27-4F90-8077-3B9AA851E981}.Release|Any CPU.ActiveCfg = Release|Any CPU
		{6DDED602-FE27-4F90-8077-3B9AA851E981}.Release|Any CPU.Build.0 = Release|Any CPU
		{ACB9CEB6-6749-4461-BA90-0540D537647C}.Debug|Any CPU.ActiveCfg = Debug|Any CPU
		{ACB9CEB6-6749-4461-BA90-0540D537647C}.Debug|Any CPU.Build.0 = Debug|Any CPU
		{ACB9CEB6-6749-4461-BA90-0540D537647C}.Release|Any CPU.ActiveCfg = Release|Any CPU
		{ACB9CEB6-6749-4461-BA90-0540D537647C}.Release|Any CPU.Build.0 = Release|Any CPU
		{92ABD269-3936-4975-A5D1-D90C3E06D7B2}.Debug|Any CPU.ActiveCfg = Debug|Any CPU
		{92ABD269-3936-4975-A5D1-D90C3E06D7B2}.Debug|Any CPU.Build.0 = Debug|Any CPU
		{92ABD269-3936-4975-A5D1-D90C3E06D7B2}.Release|Any CPU.ActiveCfg = Release|Any CPU
		{92ABD269-3936-4975-A5D1-D90C3E06D7B2}.Release|Any CPU.Build.0 = Release|Any CPU
		{2E0F9271-2E20-46C6-BC08-78B8979BCCBA}.Debug|Any CPU.ActiveCfg = Debug|Any CPU
		{2E0F9271-2E20-46C6-BC08-78B8979BCCBA}.Debug|Any CPU.Build.0 = Debug|Any CPU
		{2E0F9271-2E20-46C6-BC08-78B8979BCCBA}.Release|Any CPU.ActiveCfg = Release|Any CPU
		{2E0F9271-2E20-46C6-BC08-78B8979BCCBA}.Release|Any CPU.Build.0 = Release|Any CPU
		{DAF9CDF8-7A2A-45F1-A765-2119D94787B7}.Debug|Any CPU.ActiveCfg = Debug|Any CPU
		{DAF9CDF8-7A2A-45F1-A765-2119D94787B7}.Debug|Any CPU.Build.0 = Debug|Any CPU
		{DAF9CDF8-7A2A-45F1-A765-2119D94787B7}.Release|Any CPU.ActiveCfg = Release|Any CPU
		{DAF9CDF8-7A2A-45F1-A765-2119D94787B7}.Release|Any CPU.Build.0 = Release|Any CPU
		{6575DE23-B5F3-47EC-8F83-121E4390242F}.Debug|Any CPU.ActiveCfg = Debug|Any CPU
		{6575DE23-B5F3-47EC-8F83-121E4390242F}.Debug|Any CPU.Build.0 = Debug|Any CPU
		{6575DE23-B5F3-47EC-8F83-121E4390242F}.Release|Any CPU.ActiveCfg = Release|Any CPU
		{6575DE23-B5F3-47EC-8F83-121E4390242F}.Release|Any CPU.Build.0 = Release|Any CPU
		{DC97474F-312B-4E85-A46B-4DE4EEE70F0D}.Debug|Any CPU.ActiveCfg = Debug|Any CPU
		{DC97474F-312B-4E85-A46B-4DE4EEE70F0D}.Debug|Any CPU.Build.0 = Debug|Any CPU
		{DC97474F-312B-4E85-A46B-4DE4EEE70F0D}.Release|Any CPU.ActiveCfg = Release|Any CPU
		{DC97474F-312B-4E85-A46B-4DE4EEE70F0D}.Release|Any CPU.Build.0 = Release|Any CPU
		{A59B7BC4-DDAB-4446-A218-3F0B89EFA626}.Debug|Any CPU.ActiveCfg = Debug|Any CPU
		{A59B7BC4-DDAB-4446-A218-3F0B89EFA626}.Debug|Any CPU.Build.0 = Debug|Any CPU
		{A59B7BC4-DDAB-4446-A218-3F0B89EFA626}.Release|Any CPU.ActiveCfg = Release|Any CPU
		{A59B7BC4-DDAB-4446-A218-3F0B89EFA626}.Release|Any CPU.Build.0 = Release|Any CPU
		{FD19D95E-B028-4CD5-BF10-CE25A3D7675A}.Debug|Any CPU.ActiveCfg = Debug|Any CPU
		{FD19D95E-B028-4CD5-BF10-CE25A3D7675A}.Debug|Any CPU.Build.0 = Debug|Any CPU
		{FD19D95E-B028-4CD5-BF10-CE25A3D7675A}.Release|Any CPU.ActiveCfg = Release|Any CPU
		{FD19D95E-B028-4CD5-BF10-CE25A3D7675A}.Release|Any CPU.Build.0 = Release|Any CPU
		{66CF10C1-D92B-405B-9D86-7CA6DD37F704}.Debug|Any CPU.ActiveCfg = Debug|Any CPU
		{66CF10C1-D92B-405B-9D86-7CA6DD37F704}.Debug|Any CPU.Build.0 = Debug|Any CPU
		{66CF10C1-D92B-405B-9D86-7CA6DD37F704}.Release|Any CPU.ActiveCfg = Release|Any CPU
		{66CF10C1-D92B-405B-9D86-7CA6DD37F704}.Release|Any CPU.Build.0 = Release|Any CPU
		{1D0336E0-F9B3-43D1-85BD-5C6077065846}.Debug|Any CPU.ActiveCfg = Debug|Any CPU
		{1D0336E0-F9B3-43D1-85BD-5C6077065846}.Debug|Any CPU.Build.0 = Debug|Any CPU
		{1D0336E0-F9B3-43D1-85BD-5C6077065846}.Release|Any CPU.ActiveCfg = Release|Any CPU
		{1D0336E0-F9B3-43D1-85BD-5C6077065846}.Release|Any CPU.Build.0 = Release|Any CPU
		{8F7FA208-9528-4A2C-8617-3420E2A4950A}.Debug|Any CPU.ActiveCfg = Debug|Any CPU
		{8F7FA208-9528-4A2C-8617-3420E2A4950A}.Debug|Any CPU.Build.0 = Debug|Any CPU
		{8F7FA208-9528-4A2C-8617-3420E2A4950A}.Release|Any CPU.ActiveCfg = Release|Any CPU
		{8F7FA208-9528-4A2C-8617-3420E2A4950A}.Release|Any CPU.Build.0 = Release|Any CPU
		{5DDC7683-BA63-4274-87A0-017F1ED67038}.Debug|Any CPU.ActiveCfg = Debug|Any CPU
		{5DDC7683-BA63-4274-87A0-017F1ED67038}.Debug|Any CPU.Build.0 = Debug|Any CPU
		{5DDC7683-BA63-4274-87A0-017F1ED67038}.Release|Any CPU.ActiveCfg = Release|Any CPU
		{5DDC7683-BA63-4274-87A0-017F1ED67038}.Release|Any CPU.Build.0 = Release|Any CPU
		{B40A7491-2EB3-41B3-A8D8-68EE32469A89}.Debug|Any CPU.ActiveCfg = Debug|Any CPU
		{B40A7491-2EB3-41B3-A8D8-68EE32469A89}.Debug|Any CPU.Build.0 = Debug|Any CPU
		{B40A7491-2EB3-41B3-A8D8-68EE32469A89}.Release|Any CPU.ActiveCfg = Release|Any CPU
		{B40A7491-2EB3-41B3-A8D8-68EE32469A89}.Release|Any CPU.Build.0 = Release|Any CPU
		{4FCA18DF-1CC2-4D6C-BD5D-336C6E4D8411}.Debug|Any CPU.ActiveCfg = Debug|Any CPU
		{4FCA18DF-1CC2-4D6C-BD5D-336C6E4D8411}.Debug|Any CPU.Build.0 = Debug|Any CPU
		{4FCA18DF-1CC2-4D6C-BD5D-336C6E4D8411}.Release|Any CPU.ActiveCfg = Release|Any CPU
		{4FCA18DF-1CC2-4D6C-BD5D-336C6E4D8411}.Release|Any CPU.Build.0 = Release|Any CPU
		{73277835-73AF-4F88-9F02-89F3C9F81EF3}.Debug|Any CPU.ActiveCfg = Debug|Any CPU
		{73277835-73AF-4F88-9F02-89F3C9F81EF3}.Debug|Any CPU.Build.0 = Debug|Any CPU
		{73277835-73AF-4F88-9F02-89F3C9F81EF3}.Release|Any CPU.ActiveCfg = Release|Any CPU
		{73277835-73AF-4F88-9F02-89F3C9F81EF3}.Release|Any CPU.Build.0 = Release|Any CPU
		{6EE67240-6C30-4180-B27B-9A402ECE94C7}.Debug|Any CPU.ActiveCfg = Debug|Any CPU
		{6EE67240-6C30-4180-B27B-9A402ECE94C7}.Debug|Any CPU.Build.0 = Debug|Any CPU
		{6EE67240-6C30-4180-B27B-9A402ECE94C7}.Release|Any CPU.ActiveCfg = Release|Any CPU
		{6EE67240-6C30-4180-B27B-9A402ECE94C7}.Release|Any CPU.Build.0 = Release|Any CPU
		{93E4F07B-6FBA-4476-A052-4F892F2A34CA}.Debug|Any CPU.ActiveCfg = Debug|Any CPU
		{93E4F07B-6FBA-4476-A052-4F892F2A34CA}.Debug|Any CPU.Build.0 = Debug|Any CPU
		{93E4F07B-6FBA-4476-A052-4F892F2A34CA}.Release|Any CPU.ActiveCfg = Release|Any CPU
		{93E4F07B-6FBA-4476-A052-4F892F2A34CA}.Release|Any CPU.Build.0 = Release|Any CPU
	EndGlobalSection
	GlobalSection(SolutionProperties) = preSolution
		HideSolutionNode = FALSE
	EndGlobalSection
	GlobalSection(NestedProjects) = preSolution
		{3F43B8A4-760C-43B3-9582-665D1F89D65B} = {DDC1A62B-1D2A-44D0-86C9-4072297F340B}
		{50ED23F8-6A87-4F82-AE88-CFE05CB4C73C} = {DDC1A62B-1D2A-44D0-86C9-4072297F340B}
		{A536208D-BECF-4566-A098-1442F3B07D94} = {DDC1A62B-1D2A-44D0-86C9-4072297F340B}
		{54134ABA-B2C0-4F79-BC5F-1E7FDF2A972F} = {DDC1A62B-1D2A-44D0-86C9-4072297F340B}
		{DC545019-1451-468E-95B7-04E64C79F0FD} = {DDC1A62B-1D2A-44D0-86C9-4072297F340B}
		{6DDED602-FE27-4F90-8077-3B9AA851E981} = {EC9384CB-BE2F-4707-9353-C339158DECB7}
		{ACB9CEB6-6749-4461-BA90-0540D537647C} = {EC9384CB-BE2F-4707-9353-C339158DECB7}
		{92ABD269-3936-4975-A5D1-D90C3E06D7B2} = {EC9384CB-BE2F-4707-9353-C339158DECB7}
		{2E0F9271-2E20-46C6-BC08-78B8979BCCBA} = {FFD72DE0-E881-42FB-8B65-4ADB740BE0D7}
		{DAF9CDF8-7A2A-45F1-A765-2119D94787B7} = {444B599A-2ED0-4039-BAA0-97E7DACA4164}
		{6575DE23-B5F3-47EC-8F83-121E4390242F} = {584EA619-F4A3-4C35-A880-300A8B728ABC}
		{DC97474F-312B-4E85-A46B-4DE4EEE70F0D} = {584EA619-F4A3-4C35-A880-300A8B728ABC}
		{A59B7BC4-DDAB-4446-A218-3F0B89EFA626} = {584EA619-F4A3-4C35-A880-300A8B728ABC}
		{FD19D95E-B028-4CD5-BF10-CE25A3D7675A} = {584EA619-F4A3-4C35-A880-300A8B728ABC}
		{66CF10C1-D92B-405B-9D86-7CA6DD37F704} = {584EA619-F4A3-4C35-A880-300A8B728ABC}
		{1D0336E0-F9B3-43D1-85BD-5C6077065846} = {584EA619-F4A3-4C35-A880-300A8B728ABC}
		{8F7FA208-9528-4A2C-8617-3420E2A4950A} = {584EA619-F4A3-4C35-A880-300A8B728ABC}
		{5DDC7683-BA63-4274-87A0-017F1ED67038} = {584EA619-F4A3-4C35-A880-300A8B728ABC}
		{B40A7491-2EB3-41B3-A8D8-68EE32469A89} = {83438EB4-3F56-43C9-9A84-0993541FD169}
		{4FCA18DF-1CC2-4D6C-BD5D-336C6E4D8411} = {83438EB4-3F56-43C9-9A84-0993541FD169}
		{73277835-73AF-4F88-9F02-89F3C9F81EF3} = {83438EB4-3F56-43C9-9A84-0993541FD169}
		{6EE67240-6C30-4180-B27B-9A402ECE94C7} = {83438EB4-3F56-43C9-9A84-0993541FD169}
		{93E4F07B-6FBA-4476-A052-4F892F2A34CA} = {83438EB4-3F56-43C9-9A84-0993541FD169}
	EndGlobalSection
	GlobalSection(ExtensibilityGlobals) = postSolution
		SolutionGuid = {EC13C6F1-4D22-4252-B669-DE91C94252D5}
	EndGlobalSection
EndGlobal
